
Microsoft Visual Studio Solution File, Format Version 12.00
# Visual Studio Version 17
VisualStudioVersion = 17.0.31903.59
MinimumVisualStudioVersion = 10.0.40219.1
Project("{FAE04EC0-301F-11D3-BF4B-00C04F79EFBC}") = "GeometryLibrary", "GeometryLibrary\GeometryLibrary.csproj", "{CAFA2B86-1268-4008-AAC4-A91B5DD7238A}"
EndProject
Project("{FAE04EC0-301F-11D3-BF4B-00C04F79EFBC}") = "GeometryApp", "GeometryApp\GeometryApp.csproj", "{D0074C17-35EE-4AAB-882A-525B64BD3C84}"
EndProject
Project("{FAE04EC0-301F-11D3-BF4B-00C04F79EFBC}") = "GeometryApp.Tests", "GeometryApp.Tests\GeometryApp.Tests.csproj", "{C57374E6-1091-461F-BEE0-39DEA45BB38C}"
EndProject
Global
	GlobalSection(SolutionConfigurationPlatforms) = preSolution
		Debug|Any CPU = Debug|Any CPU
		Release|Any CPU = Release|Any CPU
	EndGlobalSection
	GlobalSection(SolutionProperties) = preSolution
		HideSolutionNode = FALSE
	EndGlobalSection
	GlobalSection(ProjectConfigurationPlatforms) = postSolution
		{CAFA2B86-1268-4008-AAC4-A91B5DD7238A}.Debug|Any CPU.ActiveCfg = Debug|Any CPU
		{CAFA2B86-1268-4008-AAC4-A91B5DD7238A}.Debug|Any CPU.Build.0 = Debug|Any CPU
		{CAFA2B86-1268-4008-AAC4-A91B5DD7238A}.Release|Any CPU.ActiveCfg = Release|Any CPU
		{CAFA2B86-1268-4008-AAC4-A91B5DD7238A}.Release|Any CPU.Build.0 = Release|Any CPU
		{D0074C17-35EE-4AAB-882A-525B64BD3C84}.Debug|Any CPU.ActiveCfg = Debug|Any CPU
		{D0074C17-35EE-4AAB-882A-525B64BD3C84}.Debug|Any CPU.Build.0 = Debug|Any CPU
		{D0074C17-35EE-4AAB-882A-525B64BD3C84}.Release|Any CPU.ActiveCfg = Release|Any CPU
		{D0074C17-35EE-4AAB-882A-525B64BD3C84}.Release|Any CPU.Build.0 = Release|Any CPU
		{C57374E6-1091-461F-BEE0-39DEA45BB38C}.Debug|Any CPU.ActiveCfg = Debug|Any CPU
		{C57374E6-1091-461F-BEE0-39DEA45BB38C}.Debug|Any CPU.Build.0 = Debug|Any CPU
		{C57374E6-1091-461F-BEE0-39DEA45BB38C}.Release|Any CPU.ActiveCfg = Release|Any CPU
		{C57374E6-1091-461F-BEE0-39DEA45BB38C}.Release|Any CPU.Build.0 = Release|Any CPU
	EndGlobalSection
EndGlobal
